
Microsoft Visual Studio Solution File, Format Version 12.00
# Visual Studio Version 16
VisualStudioVersion = 16.0.30011.22
MinimumVisualStudioVersion = 10.0.40219.1
Project("{FAE04EC0-301F-11D3-BF4B-00C04F79EFBC}") = "Mvc2AjaxDemo", "Mvc2AjaxDemo\Mvc2AjaxDemo.csproj", "{905B0988-C91D-44DF-8D52-2C2ACD5CB348}"
EndProject
Global
	GlobalSection(SolutionConfigurationPlatforms) = preSolution
		Debug|Any CPU = Debug|Any CPU
		Release|Any CPU = Release|Any CPU
	EndGlobalSection
	GlobalSection(ProjectConfigurationPlatforms) = postSolution
		{905B0988-C91D-44DF-8D52-2C2ACD5CB348}.Debug|Any CPU.ActiveCfg = Debug|Any CPU
		{905B0988-C91D-44DF-8D52-2C2ACD5CB348}.Debug|Any CPU.Build.0 = Debug|Any CPU
		{905B0988-C91D-44DF-8D52-2C2ACD5CB348}.Release|Any CPU.ActiveCfg = Release|Any CPU
		{905B0988-C91D-44DF-8D52-2C2ACD5CB348}.Release|Any CPU.Build.0 = Release|Any CPU
	EndGlobalSection
	GlobalSection(SolutionProperties) = preSolution
		HideSolutionNode = FALSE
	EndGlobalSection
	GlobalSection(ExtensibilityGlobals) = postSolution
		SolutionGuid = {093A8763-2464-4DA9-9F1D-B239BD8784BC}
	EndGlobalSection
EndGlobal
